
Microsoft Visual Studio Solution File, Format Version 12.00
# Visual Studio Version 16
VisualStudioVersion = 16.0.29613.14
MinimumVisualStudioVersion = 10.0.40219.1
Project("{FAE04EC0-301F-11D3-BF4B-00C04F79EFBC}") = "Core", "Core\Core.csproj", "{56DB4424-6B0C-4A13-A113-BA1CCE378F6A}"
EndProject
Project("{FAE04EC0-301F-11D3-BF4B-00C04F79EFBC}") = "Tests", "Tests\Tests.csproj", "{0DE9298D-B9D0-4A2A-B92A-EBFDEF9FA609}"
EndProject
Global
	GlobalSection(SolutionConfigurationPlatforms) = preSolution
		Debug|Any CPU = Debug|Any CPU
		Release|Any CPU = Release|Any CPU
	EndGlobalSection
	GlobalSection(ProjectConfigurationPlatforms) = postSolution
		{56DB4424-6B0C-4A13-A113-BA1CCE378F6A}.Debug|Any CPU.ActiveCfg = Debug|Any CPU
		{56DB4424-6B0C-4A13-A113-BA1CCE378F6A}.Debug|Any CPU.Build.0 = Debug|Any CPU
		{56DB4424-6B0C-4A13-A113-BA1CCE378F6A}.Release|Any CPU.ActiveCfg = Release|Any CPU
		{56DB4424-6B0C-4A13-A113-BA1CCE378F6A}.Release|Any CPU.Build.0 = Release|Any CPU
		{0DE9298D-B9D0-4A2A-B92A-EBFDEF9FA609}.Debug|Any CPU.ActiveCfg = Debug|Any CPU
		{0DE9298D-B9D0-4A2A-B92A-EBFDEF9FA609}.Debug|Any CPU.Build.0 = Debug|Any CPU
		{0DE9298D-B9D0-4A2A-B92A-EBFDEF9FA609}.Release|Any CPU.ActiveCfg = Release|Any CPU
		{0DE9298D-B9D0-4A2A-B92A-EBFDEF9FA609}.Release|Any CPU.Build.0 = Release|Any CPU
	EndGlobalSection
	GlobalSection(SolutionProperties) = preSolution
		HideSolutionNode = FALSE
	EndGlobalSection
	GlobalSection(ExtensibilityGlobals) = postSolution
		SolutionGuid = {BA578C52-259E-4E18-A461-99BC86357B58}
	EndGlobalSection
EndGlobal
